// !$*UTF8*$!
{
	archiveVersion = 1;
	classes = {
	};
	objectVersion = 46;
	objects = {

/* Begin PBXBuildFile section */
		CE2A14251A713E3E002F6C8F /* main.cpp in Sources */ = {isa = PBXBuildFile; fileRef = CE2A14231A713E3E002F6C8F /* main.cpp */; };
		CE2A14261A713F60002F6C8F /* libNiTE2.dylib in Frameworks */ = {isa = PBXBuildFile; fileRef = CE9E41911A384BBF0095F65A /* libNiTE2.dylib */; };
		CE2A14271A713F62002F6C8F /* libOpenNI2.dylib in Frameworks */ = {isa = PBXBuildFile; fileRef = CE9E41941A384BC90095F65A /* libOpenNI2.dylib */; };
		CE2A14281A713F67002F6C8F /* libboost_system.dylib in Frameworks */ = {isa = PBXBuildFile; fileRef = CE9E41F71A38650F0095F65A /* libboost_system.dylib */; };
		CE2C413B1A488EFE008E743E /* udp_server.cpp in Sources */ = {isa = PBXBuildFile; fileRef = CE2C41381A488EFE008E743E /* udp_server.cpp */; };
		CE4AC8DF1A5032EE001B33CF /* gesture_tracker.cpp in Sources */ = {isa = PBXBuildFile; fileRef = CE4AC8DD1A5032EE001B33CF /* gesture_tracker.cpp */; };
		CE4AC8E01A50378E001B33CF /* libNiTE2.dylib in Frameworks */ = {isa = PBXBuildFile; fileRef = CE9E41911A384BBF0095F65A /* libNiTE2.dylib */; };
		CE4AC8E11A503792001B33CF /* libOpenNI2.dylib in Frameworks */ = {isa = PBXBuildFile; fileRef = CE9E41941A384BC90095F65A /* libOpenNI2.dylib */; };
		CE4AC8E41A506EF6001B33CF /* udp_client.cpp in Sources */ = {isa = PBXBuildFile; fileRef = CE4AC8E21A506EF6001B33CF /* udp_client.cpp */; };
		CE4AC8E71A51752B001B33CF /* skeleton_tracker.cpp in Sources */ = {isa = PBXBuildFile; fileRef = CE4AC8E51A51752B001B33CF /* skeleton_tracker.cpp */; };
		CE70B29C1A54484B0072BB83 /* main.cpp in Sources */ = {isa = PBXBuildFile; fileRef = CE70B2981A54484B0072BB83 /* main.cpp */; };
		CE70B29D1A54484B0072BB83 /* Viewer.cpp in Sources */ = {isa = PBXBuildFile; fileRef = CE70B29A1A54484B0072BB83 /* Viewer.cpp */; };
		CE70B29E1A54487E0072BB83 /* libNiTE2.dylib in Frameworks */ = {isa = PBXBuildFile; fileRef = CE9E41911A384BBF0095F65A /* libNiTE2.dylib */; };
		CE70B29F1A5448800072BB83 /* libOpenNI2.dylib in Frameworks */ = {isa = PBXBuildFile; fileRef = CE9E41941A384BC90095F65A /* libOpenNI2.dylib */; };
		CE70B2A11A54488C0072BB83 /* OpenGL.framework in Frameworks */ = {isa = PBXBuildFile; fileRef = CE70B2A01A54488C0072BB83 /* OpenGL.framework */; };
		CE70B2A31A5448940072BB83 /* GLUT.framework in Frameworks */ = {isa = PBXBuildFile; fileRef = CE70B2A21A5448940072BB83 /* GLUT.framework */; };
		CE70B2A41A544A750072BB83 /* libboost_system.dylib in Frameworks */ = {isa = PBXBuildFile; fileRef = CE9E41F71A38650F0095F65A /* libboost_system.dylib */; };
		CE737AEB1A407AA000593328 /* libboost_system.dylib in Frameworks */ = {isa = PBXBuildFile; fileRef = CE9E41F71A38650F0095F65A /* libboost_system.dylib */; };
		CE737AF21A40E17200593328 /* libboost_thread-mt.dylib in Frameworks */ = {isa = PBXBuildFile; fileRef = CE737AEF1A40DE0400593328 /* libboost_thread-mt.dylib */; };
		CE9E41F61A3864070095F65A /* main.cpp in Sources */ = {isa = PBXBuildFile; fileRef = CE9E41F51A3864070095F65A /* main.cpp */; };
		CE9E41F81A38650F0095F65A /* libboost_system.dylib in Frameworks */ = {isa = PBXBuildFile; fileRef = CE9E41F71A38650F0095F65A /* libboost_system.dylib */; };
		CE9E42061A3866610095F65A /* main.cpp in Sources */ = {isa = PBXBuildFile; fileRef = CE9E42051A3866610095F65A /* main.cpp */; };
		CE9E42081A3866F60095F65A /* libOpenNI2.dylib in Frameworks */ = {isa = PBXBuildFile; fileRef = CE9E41941A384BC90095F65A /* libOpenNI2.dylib */; };
		CE9E42171A3867560095F65A /* main.cpp in Sources */ = {isa = PBXBuildFile; fileRef = CE9E42161A3867560095F65A /* main.cpp */; };
		CE9E42181A38675D0095F65A /* libNiTE2.dylib in Frameworks */ = {isa = PBXBuildFile; fileRef = CE9E41911A384BBF0095F65A /* libNiTE2.dylib */; };
		CE9E421B1A3867890095F65A /* libOpenNI2.dylib in Frameworks */ = {isa = PBXBuildFile; fileRef = CE9E41941A384BC90095F65A /* libOpenNI2.dylib */; };
		CE9E422C1A3868700095F65A /* main.cpp in Sources */ = {isa = PBXBuildFile; fileRef = CE9E422B1A3868700095F65A /* main.cpp */; };
		CE9E422D1A3868AF0095F65A /* libboost_system.dylib in Frameworks */ = {isa = PBXBuildFile; fileRef = CE9E41F71A38650F0095F65A /* libboost_system.dylib */; };
		CE9E42341A386FF10095F65A /* main.cpp in Sources */ = {isa = PBXBuildFile; fileRef = CE9E42331A386FF10095F65A /* main.cpp */; };
		CE9E42401A3882DF0095F65A /* libboost_system.dylib in Frameworks */ = {isa = PBXBuildFile; fileRef = CE9E41F71A38650F0095F65A /* libboost_system.dylib */; };
		CE9E42521A388FB70095F65A /* libOpenNI2.dylib in Frameworks */ = {isa = PBXBuildFile; fileRef = CE9E41941A384BC90095F65A /* libOpenNI2.dylib */; };
		CE9E42531A388FB90095F65A /* libNiTE2.dylib in Frameworks */ = {isa = PBXBuildFile; fileRef = CE9E41911A384BBF0095F65A /* libNiTE2.dylib */; };
		CEAA7CB41A724FBB00C7EF67 /* libNiTE2.dylib in Frameworks */ = {isa = PBXBuildFile; fileRef = CE9E41911A384BBF0095F65A /* libNiTE2.dylib */; };
		CEAA7CB51A724FBC00C7EF67 /* libOpenNI2.dylib in Frameworks */ = {isa = PBXBuildFile; fileRef = CE9E41941A384BC90095F65A /* libOpenNI2.dylib */; };
		CEAA7CB61A724FC300C7EF67 /* libboost_system.dylib in Frameworks */ = {isa = PBXBuildFile; fileRef = CE9E41F71A38650F0095F65A /* libboost_system.dylib */; };
		CEAA7CBA1A72528900C7EF67 /* main.cpp in Sources */ = {isa = PBXBuildFile; fileRef = CEAA7CB91A72528900C7EF67 /* main.cpp */; };
		CED6EFB11A9E14F900402682 /* hri.json in CopyFiles */ = {isa = PBXBuildFile; fileRef = CED6EFB01A9E14F100402682 /* hri.json */; };
		CEE283B81A48C35A00131564 /* main.cpp in Sources */ = {isa = PBXBuildFile; fileRef = CEE283B51A48C35A00131564 /* main.cpp */; };
		CEE283BA1A48C37000131564 /* libboost_thread-mt.dylib in Frameworks */ = {isa = PBXBuildFile; fileRef = CE737AEF1A40DE0400593328 /* libboost_thread-mt.dylib */; };
		CEE283CC1A48CCB700131564 /* libboost_system-mt.dylib in Frameworks */ = {isa = PBXBuildFile; fileRef = CEE283CB1A48CCA000131564 /* libboost_system-mt.dylib */; };
		CEE283D61A48D17200131564 /* libboost_log-mt.dylib in Frameworks */ = {isa = PBXBuildFile; fileRef = CEE283BE1A48C73700131564 /* libboost_log-mt.dylib */; };
		CEE283D71A48D1FF00131564 /* udp_server.cpp in Sources */ = {isa = PBXBuildFile; fileRef = CEE283B61A48C35A00131564 /* udp_server.cpp */; };
		CEF851EF1A80D03A00C3BCBA /* main.cpp in Sources */ = {isa = PBXBuildFile; fileRef = CE737AEC1A407AF100593328 /* main.cpp */; };
/* End PBXBuildFile section */

/* Begin PBXCopyFilesBuildPhase section */
		CE2A14171A713D7F002F6C8F /* CopyFiles */ = {
			isa = PBXCopyFilesBuildPhase;
			buildActionMask = 2147483647;
			dstPath = /usr/share/man/man1/;
			dstSubfolderSpec = 0;
			files = (
			);
			runOnlyForDeploymentPostprocessing = 1;
		};
		CE70B28F1A5447E80072BB83 /* CopyFiles */ = {
			isa = PBXCopyFilesBuildPhase;
			buildActionMask = 2147483647;
			dstPath = /usr/share/man/man1/;
			dstSubfolderSpec = 0;
			files = (
			);
			runOnlyForDeploymentPostprocessing = 1;
		};
		CE737AE21A407A0E00593328 /* CopyFiles */ = {
			isa = PBXCopyFilesBuildPhase;
			buildActionMask = 2147483647;
			dstPath = /usr/share/man/man1/;
			dstSubfolderSpec = 0;
			files = (
			);
			runOnlyForDeploymentPostprocessing = 1;
		};
		CE9E41C21A3858BF0095F65A /* CopyFiles */ = {
			isa = PBXCopyFilesBuildPhase;
			buildActionMask = 2147483647;
			dstPath = /usr/share/man/man1/;
			dstSubfolderSpec = 0;
			files = (
			);
			runOnlyForDeploymentPostprocessing = 1;
		};
		CE9E41EC1A3863AD0095F65A /* CopyFiles */ = {
			isa = PBXCopyFilesBuildPhase;
			buildActionMask = 2147483647;
			dstPath = /usr/share/man/man1/;
			dstSubfolderSpec = 0;
			files = (
			);
			runOnlyForDeploymentPostprocessing = 1;
		};
		CE9E41FC1A3866430095F65A /* CopyFiles */ = {
			isa = PBXCopyFilesBuildPhase;
			buildActionMask = 2147483647;
			dstPath = /usr/share/man/man1/;
			dstSubfolderSpec = 0;
			files = (
			);
			runOnlyForDeploymentPostprocessing = 1;
		};
		CE9E420D1A3867390095F65A /* CopyFiles */ = {
			isa = PBXCopyFilesBuildPhase;
			buildActionMask = 2147483647;
			dstPath = /usr/share/man/man1/;
			dstSubfolderSpec = 0;
			files = (
			);
			runOnlyForDeploymentPostprocessing = 1;
		};
		CE9E42201A3868460095F65A /* CopyFiles */ = {
			isa = PBXCopyFilesBuildPhase;
			buildActionMask = 2147483647;
			dstPath = /usr/share/man/man1/;
			dstSubfolderSpec = 0;
			files = (
			);
			runOnlyForDeploymentPostprocessing = 1;
		};
		CEAA7CAB1A724F6E00C7EF67 /* CopyFiles */ = {
			isa = PBXCopyFilesBuildPhase;
			buildActionMask = 2147483647;
			dstPath = /usr/share/man/man1/;
			dstSubfolderSpec = 0;
			files = (
			);
			runOnlyForDeploymentPostprocessing = 1;
		};
		CEE283AC1A48C2E300131564 /* CopyFiles */ = {
			isa = PBXCopyFilesBuildPhase;
			buildActionMask = 12;
			dstPath = "";
			dstSubfolderSpec = 6;
			files = (
				CED6EFB11A9E14F900402682 /* hri.json in CopyFiles */,
			);
			runOnlyForDeploymentPostprocessing = 0;
		};
/* End PBXCopyFilesBuildPhase section */

/* Begin PBXFileReference section */
		CE2A14191A713D7F002F6C8F /* nite-simple-skeleton-xcode */ = {isa = PBXFileReference; explicitFileType = "compiled.mach-o.executable"; includeInIndex = 0; path = "nite-simple-skeleton-xcode"; sourceTree = BUILT_PRODUCTS_DIR; };
		CE2A14231A713E3E002F6C8F /* main.cpp */ = {isa = PBXFileReference; fileEncoding = 4; lastKnownFileType = sourcecode.cpp.cpp; name = main.cpp; path = "src/nite-simple-skeleton/main.cpp"; sourceTree = SOURCE_ROOT; };
		CE2C41381A488EFE008E743E /* udp_server.cpp */ = {isa = PBXFileReference; fileEncoding = 4; lastKnownFileType = sourcecode.cpp.cpp; name = udp_server.cpp; path = "src/udp-server-async/udp_server.cpp"; sourceTree = SOURCE_ROOT; };
		CE2C41391A488EFE008E743E /* udp_server.h */ = {isa = PBXFileReference; fileEncoding = 4; lastKnownFileType = sourcecode.c.h; name = udp_server.h; path = "src/udp-server-async/udp_server.h"; sourceTree = SOURCE_ROOT; };
		CE4AC8DD1A5032EE001B33CF /* gesture_tracker.cpp */ = {isa = PBXFileReference; fileEncoding = 4; lastKnownFileType = sourcecode.cpp.cpp; name = gesture_tracker.cpp; path = "src/human-robot-interaction/gesture_tracker.cpp"; sourceTree = SOURCE_ROOT; };
		CE4AC8DE1A5032EE001B33CF /* gesture_tracker.h */ = {isa = PBXFileReference; fileEncoding = 4; lastKnownFileType = sourcecode.c.h; name = gesture_tracker.h; path = "src/human-robot-interaction/gesture_tracker.h"; sourceTree = SOURCE_ROOT; };
		CE4AC8E21A506EF6001B33CF /* udp_client.cpp */ = {isa = PBXFileReference; fileEncoding = 4; lastKnownFileType = sourcecode.cpp.cpp; name = udp_client.cpp; path = "src/human-robot-interaction/udp_client.cpp"; sourceTree = SOURCE_ROOT; };
		CE4AC8E31A506EF6001B33CF /* udp_client.h */ = {isa = PBXFileReference; fileEncoding = 4; lastKnownFileType = sourcecode.c.h; name = udp_client.h; path = "src/human-robot-interaction/udp_client.h"; sourceTree = SOURCE_ROOT; };
		CE4AC8E51A51752B001B33CF /* skeleton_tracker.cpp */ = {isa = PBXFileReference; fileEncoding = 4; lastKnownFileType = sourcecode.cpp.cpp; name = skeleton_tracker.cpp; path = "src/human-robot-interaction/skeleton_tracker.cpp"; sourceTree = SOURCE_ROOT; };
		CE4AC8E61A51752B001B33CF /* skeleton_tracker.h */ = {isa = PBXFileReference; fileEncoding = 4; lastKnownFileType = sourcecode.c.h; name = skeleton_tracker.h; path = "src/human-robot-interaction/skeleton_tracker.h"; sourceTree = SOURCE_ROOT; };
		CE4B90921A8D03CD00A2EE05 /* setup.h */ = {isa = PBXFileReference; fileEncoding = 4; lastKnownFileType = sourcecode.c.h; name = setup.h; path = "src/human-robot-interaction/setup.h"; sourceTree = SOURCE_ROOT; };
		CE70B2911A5447E80072BB83 /* nite-user-glut-viewer-xcode */ = {isa = PBXFileReference; explicitFileType = "compiled.mach-o.executable"; includeInIndex = 0; path = "nite-user-glut-viewer-xcode"; sourceTree = BUILT_PRODUCTS_DIR; };
		CE70B2981A54484B0072BB83 /* main.cpp */ = {isa = PBXFileReference; fileEncoding = 4; lastKnownFileType = sourcecode.cpp.cpp; name = main.cpp; path = "src/nite-user-glut-viewer/main.cpp"; sourceTree = SOURCE_ROOT; };
		CE70B29A1A54484B0072BB83 /* Viewer.cpp */ = {isa = PBXFileReference; fileEncoding = 4; lastKnownFileType = sourcecode.cpp.cpp; name = Viewer.cpp; path = "src/nite-user-glut-viewer/Viewer.cpp"; sourceTree = SOURCE_ROOT; };
		CE70B29B1A54484B0072BB83 /* Viewer.h */ = {isa = PBXFileReference; fileEncoding = 4; lastKnownFileType = sourcecode.c.h; name = Viewer.h; path = "src/nite-user-glut-viewer/Viewer.h"; sourceTree = SOURCE_ROOT; };
		CE70B2A01A54488C0072BB83 /* OpenGL.framework */ = {isa = PBXFileReference; lastKnownFileType = wrapper.framework; name = OpenGL.framework; path = System/Library/Frameworks/OpenGL.framework; sourceTree = SDKROOT; };
		CE70B2A21A5448940072BB83 /* GLUT.framework */ = {isa = PBXFileReference; lastKnownFileType = wrapper.framework; name = GLUT.framework; path = System/Library/Frameworks/GLUT.framework; sourceTree = SDKROOT; };
		CE737AE41A407A0E00593328 /* udp-server-async-xcode */ = {isa = PBXFileReference; explicitFileType = "compiled.mach-o.executable"; includeInIndex = 0; path = "udp-server-async-xcode"; sourceTree = BUILT_PRODUCTS_DIR; };
		CE737AEC1A407AF100593328 /* main.cpp */ = {isa = PBXFileReference; fileEncoding = 4; lastKnownFileType = sourcecode.cpp.cpp; name = main.cpp; path = "src/udp-server-async/main.cpp"; sourceTree = SOURCE_ROOT; };
		CE737AEF1A40DE0400593328 /* libboost_thread-mt.dylib */ = {isa = PBXFileReference; lastKnownFileType = "compiled.mach-o.dylib"; name = "libboost_thread-mt.dylib"; path = "/usr/local/Cellar/boost/1.56.0/lib/libboost_thread-mt.dylib"; sourceTree = "<absolute>"; };
		CE85EB4E1A389DFA003F51B3 /* udp-socket-client-xcode */ = {isa = PBXFileReference; explicitFileType = "compiled.mach-o.executable"; includeInIndex = 0; path = "udp-socket-client-xcode"; sourceTree = BUILT_PRODUCTS_DIR; };
		CE85EB4F1A389DFA003F51B3 /* udp-socket-server-xcode */ = {isa = PBXFileReference; explicitFileType = "compiled.mach-o.executable"; includeInIndex = 0; path = "udp-socket-server-xcode"; sourceTree = BUILT_PRODUCTS_DIR; };
		CE85EB501A389DFA003F51B3 /* ni-simple-sensor-read-xcode */ = {isa = PBXFileReference; explicitFileType = "compiled.mach-o.executable"; includeInIndex = 0; path = "ni-simple-sensor-read-xcode"; sourceTree = BUILT_PRODUCTS_DIR; };
		CE85EB511A389DFA003F51B3 /* nite-simple-user-read-xcode */ = {isa = PBXFileReference; explicitFileType = "compiled.mach-o.executable"; includeInIndex = 0; path = "nite-simple-user-read-xcode"; sourceTree = BUILT_PRODUCTS_DIR; };
		CE85EB541A389E16003F51B3 /* nite-gesture-wave-xcode */ = {isa = PBXFileReference; explicitFileType = "compiled.mach-o.executable"; includeInIndex = 0; path = "nite-gesture-wave-xcode"; sourceTree = BUILT_PRODUCTS_DIR; };
		CE9E41911A384BBF0095F65A /* libNiTE2.dylib */ = {isa = PBXFileReference; lastKnownFileType = "compiled.mach-o.dylib"; name = libNiTE2.dylib; path = lib/NiTE2/libNiTE2.dylib; sourceTree = "<group>"; };
		CE9E41941A384BC90095F65A /* libOpenNI2.dylib */ = {isa = PBXFileReference; lastKnownFileType = "compiled.mach-o.dylib"; name = libOpenNI2.dylib; path = lib/OpenNI2/libOpenNI2.dylib; sourceTree = "<group>"; };
		CE9E41F51A3864070095F65A /* main.cpp */ = {isa = PBXFileReference; fileEncoding = 4; lastKnownFileType = sourcecode.cpp.cpp; name = main.cpp; path = "src/udp-socket-client/main.cpp"; sourceTree = SOURCE_ROOT; };
		CE9E41F71A38650F0095F65A /* libboost_system.dylib */ = {isa = PBXFileReference; lastKnownFileType = "compiled.mach-o.dylib"; name = libboost_system.dylib; path = /usr/local/Cellar/boost/1.56.0/lib/libboost_system.dylib; sourceTree = "<absolute>"; };
		CE9E42051A3866610095F65A /* main.cpp */ = {isa = PBXFileReference; fileEncoding = 4; lastKnownFileType = sourcecode.cpp.cpp; name = main.cpp; path = "src/ni-simple-sensor-read/main.cpp"; sourceTree = SOURCE_ROOT; };
		CE9E42161A3867560095F65A /* main.cpp */ = {isa = PBXFileReference; fileEncoding = 4; lastKnownFileType = sourcecode.cpp.cpp; name = main.cpp; path = "src/nite-simple-user-read/main.cpp"; sourceTree = SOURCE_ROOT; };
		CE9E422B1A3868700095F65A /* main.cpp */ = {isa = PBXFileReference; fileEncoding = 4; lastKnownFileType = sourcecode.cpp.cpp; name = main.cpp; path = "src/udp-socket-server/main.cpp"; sourceTree = SOURCE_ROOT; };
		CE9E42331A386FF10095F65A /* main.cpp */ = {isa = PBXFileReference; fileEncoding = 4; lastKnownFileType = sourcecode.cpp.cpp; name = main.cpp; path = "src/nite-gesture-wave/main.cpp"; sourceTree = SOURCE_ROOT; };
		CEAA7CAD1A724F6E00C7EF67 /* nite-hand-tracker-xcode */ = {isa = PBXFileReference; explicitFileType = "compiled.mach-o.executable"; includeInIndex = 0; path = "nite-hand-tracker-xcode"; sourceTree = BUILT_PRODUCTS_DIR; };
		CEAA7CB91A72528900C7EF67 /* main.cpp */ = {isa = PBXFileReference; fileEncoding = 4; lastKnownFileType = sourcecode.cpp.cpp; name = main.cpp; path = "src/nite-hand-tracker/main.cpp"; sourceTree = SOURCE_ROOT; };
		CED6EFAD1A9E082800402682 /* libboost_filesystem-mt.dylib */ = {isa = PBXFileReference; lastKnownFileType = "compiled.mach-o.dylib"; name = "libboost_filesystem-mt.dylib"; path = "../../../../../../../usr/local/Cellar/boost/1.56.0/lib/libboost_filesystem-mt.dylib"; sourceTree = "<group>"; };
		CED6EFB01A9E14F100402682 /* hri.json */ = {isa = PBXFileReference; lastKnownFileType = text.json; name = hri.json; path = ../config/hri.json; sourceTree = "<group>"; };
		CEE283AE1A48C2E300131564 /* human-robot-interaction-xcode */ = {isa = PBXFileReference; explicitFileType = "compiled.mach-o.executable"; includeInIndex = 0; path = "human-robot-interaction-xcode"; sourceTree = BUILT_PRODUCTS_DIR; };
		CEE283B51A48C35A00131564 /* main.cpp */ = {isa = PBXFileReference; fileEncoding = 4; lastKnownFileType = sourcecode.cpp.cpp; name = main.cpp; path = "src/human-robot-interaction/main.cpp"; sourceTree = SOURCE_ROOT; };
		CEE283B61A48C35A00131564 /* udp_server.cpp */ = {isa = PBXFileReference; fileEncoding = 4; lastKnownFileType = sourcecode.cpp.cpp; name = udp_server.cpp; path = "src/human-robot-interaction/udp_server.cpp"; sourceTree = SOURCE_ROOT; };
		CEE283B71A48C35A00131564 /* udp_server.h */ = {isa = PBXFileReference; fileEncoding = 4; lastKnownFileType = sourcecode.c.h; name = udp_server.h; path = "src/human-robot-interaction/udp_server.h"; sourceTree = SOURCE_ROOT; };
		CEE283BE1A48C73700131564 /* libboost_log-mt.dylib */ = {isa = PBXFileReference; lastKnownFileType = "compiled.mach-o.dylib"; name = "libboost_log-mt.dylib"; path = "/usr/local/Cellar/boost/1.56.0/lib/libboost_log-mt.dylib"; sourceTree = "<absolute>"; };
		CEE283CB1A48CCA000131564 /* libboost_system-mt.dylib */ = {isa = PBXFileReference; lastKnownFileType = "compiled.mach-o.dylib"; name = "libboost_system-mt.dylib"; path = "/usr/local/Cellar/boost/1.56.0/lib/libboost_system-mt.dylib"; sourceTree = "<absolute>"; };
		CEF852131A8114A800C3BCBA /* utils.h */ = {isa = PBXFileReference; lastKnownFileType = sourcecode.c.h; name = utils.h; path = include/utils.h; sourceTree = "<group>"; };
/* End PBXFileReference section */

/* Begin PBXFrameworksBuildPhase section */
		CE2A14161A713D7F002F6C8F /* Frameworks */ = {
			isa = PBXFrameworksBuildPhase;
			buildActionMask = 2147483647;
			files = (
				CE2A14261A713F60002F6C8F /* libNiTE2.dylib in Frameworks */,
				CE2A14271A713F62002F6C8F /* libOpenNI2.dylib in Frameworks */,
				CE2A14281A713F67002F6C8F /* libboost_system.dylib in Frameworks */,
			);
			runOnlyForDeploymentPostprocessing = 0;
		};
		CE70B28E1A5447E80072BB83 /* Frameworks */ = {
			isa = PBXFrameworksBuildPhase;
			buildActionMask = 2147483647;
			files = (
				CE70B2A41A544A750072BB83 /* libboost_system.dylib in Frameworks */,
				CE70B2A31A5448940072BB83 /* GLUT.framework in Frameworks */,
				CE70B2A11A54488C0072BB83 /* OpenGL.framework in Frameworks */,
				CE70B29E1A54487E0072BB83 /* libNiTE2.dylib in Frameworks */,
				CE70B29F1A5448800072BB83 /* libOpenNI2.dylib in Frameworks */,
			);
			runOnlyForDeploymentPostprocessing = 0;
		};
		CE737AE11A407A0E00593328 /* Frameworks */ = {
			isa = PBXFrameworksBuildPhase;
			buildActionMask = 2147483647;
			files = (
				CE737AEB1A407AA000593328 /* libboost_system.dylib in Frameworks */,
				CE737AF21A40E17200593328 /* libboost_thread-mt.dylib in Frameworks */,
			);
			runOnlyForDeploymentPostprocessing = 0;
		};
		CE9E41C11A3858BF0095F65A /* Frameworks */ = {
			isa = PBXFrameworksBuildPhase;
			buildActionMask = 2147483647;
			files = (
				CE9E42401A3882DF0095F65A /* libboost_system.dylib in Frameworks */,
				CE9E42521A388FB70095F65A /* libOpenNI2.dylib in Frameworks */,
				CE9E42531A388FB90095F65A /* libNiTE2.dylib in Frameworks */,
			);
			runOnlyForDeploymentPostprocessing = 0;
		};
		CE9E41EB1A3863AD0095F65A /* Frameworks */ = {
			isa = PBXFrameworksBuildPhase;
			buildActionMask = 2147483647;
			files = (
				CE9E41F81A38650F0095F65A /* libboost_system.dylib in Frameworks */,
			);
			runOnlyForDeploymentPostprocessing = 0;
		};
		CE9E41FB1A3866430095F65A /* Frameworks */ = {
			isa = PBXFrameworksBuildPhase;
			buildActionMask = 2147483647;
			files = (
				CE9E42081A3866F60095F65A /* libOpenNI2.dylib in Frameworks */,
			);
			runOnlyForDeploymentPostprocessing = 0;
		};
		CE9E420C1A3867390095F65A /* Frameworks */ = {
			isa = PBXFrameworksBuildPhase;
			buildActionMask = 2147483647;
			files = (
				CE9E421B1A3867890095F65A /* libOpenNI2.dylib in Frameworks */,
				CE9E42181A38675D0095F65A /* libNiTE2.dylib in Frameworks */,
			);
			runOnlyForDeploymentPostprocessing = 0;
		};
		CE9E421F1A3868460095F65A /* Frameworks */ = {
			isa = PBXFrameworksBuildPhase;
			buildActionMask = 2147483647;
			files = (
				CE9E422D1A3868AF0095F65A /* libboost_system.dylib in Frameworks */,
			);
			runOnlyForDeploymentPostprocessing = 0;
		};
		CEAA7CAA1A724F6E00C7EF67 /* Frameworks */ = {
			isa = PBXFrameworksBuildPhase;
			buildActionMask = 2147483647;
			files = (
				CEAA7CB41A724FBB00C7EF67 /* libNiTE2.dylib in Frameworks */,
				CEAA7CB51A724FBC00C7EF67 /* libOpenNI2.dylib in Frameworks */,
				CEAA7CB61A724FC300C7EF67 /* libboost_system.dylib in Frameworks */,
			);
			runOnlyForDeploymentPostprocessing = 0;
		};
		CEE283AB1A48C2E300131564 /* Frameworks */ = {
			isa = PBXFrameworksBuildPhase;
			buildActionMask = 2147483647;
			files = (
				CE4AC8E11A503792001B33CF /* libOpenNI2.dylib in Frameworks */,
				CE4AC8E01A50378E001B33CF /* libNiTE2.dylib in Frameworks */,
				CEE283CC1A48CCB700131564 /* libboost_system-mt.dylib in Frameworks */,
				CEE283BA1A48C37000131564 /* libboost_thread-mt.dylib in Frameworks */,
				CEE283D61A48D17200131564 /* libboost_log-mt.dylib in Frameworks */,
			);
			runOnlyForDeploymentPostprocessing = 0;
		};
/* End PBXFrameworksBuildPhase section */

/* Begin PBXGroup section */
		CE2773311A3849AB00D8F52B = {
			isa = PBXGroup;
			children = (
				CE9E41961A384BD80095F65A /* lib */,
				CE4B90901A8D013B00A2EE05 /* config */,
				CE27733C1A3849AB00D8F52B /* src */,
				CEF852141A8114B300C3BCBA /* utils */,
				CE85EB531A389E0A003F51B3 /* bin */,
			);
			sourceTree = "<group>";
		};
		CE27733C1A3849AB00D8F52B /* src */ = {
			isa = PBXGroup;
			children = (
				CEE283AF1A48C2E300131564 /* human-robot-interaction */,
				CEAA7CAE1A724F6E00C7EF67 /* nite-hand-tracker */,
				CE2A141A1A713D7F002F6C8F /* nite-simple-skeleton */,
				CE70B2921A5447E80072BB83 /* nite-user-glut-viewer */,
				CE737AE51A407A0E00593328 /* udp-server-async */,
				CE9E41EF1A3863AD0095F65A /* udp-socket-client */,
				CE9E42231A3868460095F65A /* udp-socket-server */,
				CE9E41C51A3858BF0095F65A /* nite-gesture-wave */,
				CE9E42101A3867390095F65A /* nite-simple-user-read */,
				CE9E41FF1A3866430095F65A /* ni-simple-sensor-read */,
			);
			name = src;
			path = "human-robot-interaction";
			sourceTree = "<group>";
		};
		CE2A141A1A713D7F002F6C8F /* nite-simple-skeleton */ = {
			isa = PBXGroup;
			children = (
				CE2A14231A713E3E002F6C8F /* main.cpp */,
			);
			name = "nite-simple-skeleton";
			path = "../nite-simple-skeleton";
			sourceTree = "<group>";
		};
		CE4B90901A8D013B00A2EE05 /* config */ = {
			isa = PBXGroup;
			children = (
				CED6EFB01A9E14F100402682 /* hri.json */,
			);
			name = config;
			sourceTree = "<group>";
		};
		CE70962E1A6563590064D196 /* OpenGL */ = {
			isa = PBXGroup;
			children = (
				CE70B2A21A5448940072BB83 /* GLUT.framework */,
				CE70B2A01A54488C0072BB83 /* OpenGL.framework */,
			);
			name = OpenGL;
			sourceTree = "<group>";
		};
		CE70962F1A6563690064D196 /* OpenNI */ = {
			isa = PBXGroup;
			children = (
				CE9E41911A384BBF0095F65A /* libNiTE2.dylib */,
				CE9E41941A384BC90095F65A /* libOpenNI2.dylib */,
			);
			name = OpenNI;
			sourceTree = "<group>";
		};
		CE7096301A6563BF0064D196 /* Boost */ = {
			isa = PBXGroup;
			children = (
				CED6EFAD1A9E082800402682 /* libboost_filesystem-mt.dylib */,
				CEE283CB1A48CCA000131564 /* libboost_system-mt.dylib */,
				CEE283BE1A48C73700131564 /* libboost_log-mt.dylib */,
				CE737AEF1A40DE0400593328 /* libboost_thread-mt.dylib */,
				CE9E41F71A38650F0095F65A /* libboost_system.dylib */,
			);
			name = Boost;
			sourceTree = "<group>";
		};
		CE70B2921A5447E80072BB83 /* nite-user-glut-viewer */ = {
			isa = PBXGroup;
			children = (
				CE70B2981A54484B0072BB83 /* main.cpp */,
				CE70B29A1A54484B0072BB83 /* Viewer.cpp */,
				CE70B29B1A54484B0072BB83 /* Viewer.h */,
			);
			name = "nite-user-glut-viewer";
			path = "../nite-user-glut-viewer";
			sourceTree = "<group>";
		};
		CE737AE51A407A0E00593328 /* udp-server-async */ = {
			isa = PBXGroup;
			children = (
				CE2C41381A488EFE008E743E /* udp_server.cpp */,
				CE2C41391A488EFE008E743E /* udp_server.h */,
				CE737AEC1A407AF100593328 /* main.cpp */,
			);
			name = "udp-server-async";
			path = "../udp-server-async";
			sourceTree = "<group>";
		};
		CE85EB531A389E0A003F51B3 /* bin */ = {
			isa = PBXGroup;
			children = (
				CEAA7CAD1A724F6E00C7EF67 /* nite-hand-tracker-xcode */,
				CE2A14191A713D7F002F6C8F /* nite-simple-skeleton-xcode */,
				CE70B2911A5447E80072BB83 /* nite-user-glut-viewer-xcode */,
				CEE283AE1A48C2E300131564 /* human-robot-interaction-xcode */,
				CE737AE41A407A0E00593328 /* udp-server-async-xcode */,
				CE85EB541A389E16003F51B3 /* nite-gesture-wave-xcode */,
				CE85EB4E1A389DFA003F51B3 /* udp-socket-client-xcode */,
				CE85EB4F1A389DFA003F51B3 /* udp-socket-server-xcode */,
				CE85EB501A389DFA003F51B3 /* ni-simple-sensor-read-xcode */,
				CE85EB511A389DFA003F51B3 /* nite-simple-user-read-xcode */,
			);
			name = bin;
			sourceTree = "<group>";
		};
		CE9E41961A384BD80095F65A /* lib */ = {
			isa = PBXGroup;
			children = (
				CE7096301A6563BF0064D196 /* Boost */,
				CE70962F1A6563690064D196 /* OpenNI */,
				CE70962E1A6563590064D196 /* OpenGL */,
			);
			name = lib;
			sourceTree = "<group>";
		};
		CE9E41C51A3858BF0095F65A /* nite-gesture-wave */ = {
			isa = PBXGroup;
			children = (
				CE9E42331A386FF10095F65A /* main.cpp */,
			);
			name = "nite-gesture-wave";
			path = "../nite-gesture-wave";
			sourceTree = "<group>";
		};
		CE9E41EF1A3863AD0095F65A /* udp-socket-client */ = {
			isa = PBXGroup;
			children = (
				CE9E41F51A3864070095F65A /* main.cpp */,
			);
			name = "udp-socket-client";
			path = "../udp-socket-client";
			sourceTree = "<group>";
		};
		CE9E41FF1A3866430095F65A /* ni-simple-sensor-read */ = {
			isa = PBXGroup;
			children = (
				CE9E42051A3866610095F65A /* main.cpp */,
			);
			name = "ni-simple-sensor-read";
			path = "../ni-simple-sensor-read";
			sourceTree = "<group>";
		};
		CE9E42101A3867390095F65A /* nite-simple-user-read */ = {
			isa = PBXGroup;
			children = (
				CE9E42161A3867560095F65A /* main.cpp */,
			);
			name = "nite-simple-user-read";
			path = "../nite-simple-user-read";
			sourceTree = "<group>";
		};
		CE9E42231A3868460095F65A /* udp-socket-server */ = {
			isa = PBXGroup;
			children = (
				CE9E422B1A3868700095F65A /* main.cpp */,
			);
			name = "udp-socket-server";
			path = "../udp-socket-server";
			sourceTree = "<group>";
		};
		CEAA7CAE1A724F6E00C7EF67 /* nite-hand-tracker */ = {
			isa = PBXGroup;
			children = (
				CEAA7CB91A72528900C7EF67 /* main.cpp */,
			);
			name = "nite-hand-tracker";
			path = "../nite-hand-tracker";
			sourceTree = "<group>";
		};
		CEE283AF1A48C2E300131564 /* human-robot-interaction */ = {
			isa = PBXGroup;
			children = (
				CEE283B51A48C35A00131564 /* main.cpp */,
				CEE283B61A48C35A00131564 /* udp_server.cpp */,
				CEE283B71A48C35A00131564 /* udp_server.h */,
				CE4AC8E21A506EF6001B33CF /* udp_client.cpp */,
				CE4AC8E31A506EF6001B33CF /* udp_client.h */,
				CE4AC8DD1A5032EE001B33CF /* gesture_tracker.cpp */,
				CE4AC8DE1A5032EE001B33CF /* gesture_tracker.h */,
				CE4AC8E51A51752B001B33CF /* skeleton_tracker.cpp */,
				CE4AC8E61A51752B001B33CF /* skeleton_tracker.h */,
				CE4B90921A8D03CD00A2EE05 /* setup.h */,
			);
			name = "human-robot-interaction";
			sourceTree = "<group>";
		};
		CEF852141A8114B300C3BCBA /* utils */ = {
			isa = PBXGroup;
			children = (
				CEF852131A8114A800C3BCBA /* utils.h */,
			);
			name = utils;
			sourceTree = "<group>";
		};
/* End PBXGroup section */

/* Begin PBXNativeTarget section */
		CE2A14181A713D7F002F6C8F /* nite-simple-skeleton */ = {
			isa = PBXNativeTarget;
			buildConfigurationList = CE2A141F1A713D7F002F6C8F /* Build configuration list for PBXNativeTarget "nite-simple-skeleton" */;
			buildPhases = (
				CE2A14151A713D7F002F6C8F /* Sources */,
				CE2A14161A713D7F002F6C8F /* Frameworks */,
				CE2A14171A713D7F002F6C8F /* CopyFiles */,
			);
			buildRules = (
			);
			dependencies = (
			);
			name = "nite-simple-skeleton";
			productName = "nite-simple-skeleton";
			productReference = CE2A14191A713D7F002F6C8F /* nite-simple-skeleton-xcode */;
			productType = "com.apple.product-type.tool";
		};
		CE70B2901A5447E80072BB83 /* nite-user-glut-viewer */ = {
			isa = PBXNativeTarget;
			buildConfigurationList = CE70B2971A5447E80072BB83 /* Build configuration list for PBXNativeTarget "nite-user-glut-viewer" */;
			buildPhases = (
				CE70B28D1A5447E80072BB83 /* Sources */,
				CE70B28E1A5447E80072BB83 /* Frameworks */,
				CE70B28F1A5447E80072BB83 /* CopyFiles */,
			);
			buildRules = (
			);
			dependencies = (
			);
			name = "nite-user-glut-viewer";
			productName = "nite-user-glut-viewer";
			productReference = CE70B2911A5447E80072BB83 /* nite-user-glut-viewer-xcode */;
			productType = "com.apple.product-type.tool";
		};
		CE737AE31A407A0E00593328 /* udp-server-async */ = {
			isa = PBXNativeTarget;
			buildConfigurationList = CE737AEA1A407A0E00593328 /* Build configuration list for PBXNativeTarget "udp-server-async" */;
			buildPhases = (
				CE737AE01A407A0E00593328 /* Sources */,
				CE737AE11A407A0E00593328 /* Frameworks */,
				CE737AE21A407A0E00593328 /* CopyFiles */,
			);
			buildRules = (
			);
			dependencies = (
			);
			name = "udp-server-async";
			productName = "udp-server-async";
			productReference = CE737AE41A407A0E00593328 /* udp-server-async-xcode */;
			productType = "com.apple.product-type.tool";
		};
		CE9E41C31A3858BF0095F65A /* nite-gesture-wave */ = {
			isa = PBXNativeTarget;
			buildConfigurationList = CE9E41C81A3858BF0095F65A /* Build configuration list for PBXNativeTarget "nite-gesture-wave" */;
			buildPhases = (
				CE9E41C01A3858BF0095F65A /* Sources */,
				CE9E41C11A3858BF0095F65A /* Frameworks */,
				CE9E41C21A3858BF0095F65A /* CopyFiles */,
			);
			buildRules = (
			);
			dependencies = (
			);
			name = "nite-gesture-wave";
			productName = "nite-gesture-wave";
			productReference = CE85EB541A389E16003F51B3 /* nite-gesture-wave-xcode */;
			productType = "com.apple.product-type.tool";
		};
		CE9E41ED1A3863AD0095F65A /* udp-socket-client */ = {
			isa = PBXNativeTarget;
			buildConfigurationList = CE9E41F21A3863AD0095F65A /* Build configuration list for PBXNativeTarget "udp-socket-client" */;
			buildPhases = (
				CE9E41EA1A3863AD0095F65A /* Sources */,
				CE9E41EB1A3863AD0095F65A /* Frameworks */,
				CE9E41EC1A3863AD0095F65A /* CopyFiles */,
			);
			buildRules = (
			);
			dependencies = (
			);
			name = "udp-socket-client";
			productName = "udp-socket-client";
			productReference = CE85EB4E1A389DFA003F51B3 /* udp-socket-client-xcode */;
			productType = "com.apple.product-type.tool";
		};
		CE9E41FD1A3866430095F65A /* ni-simple-sensor-read */ = {
			isa = PBXNativeTarget;
			buildConfigurationList = CE9E42021A3866430095F65A /* Build configuration list for PBXNativeTarget "ni-simple-sensor-read" */;
			buildPhases = (
				CE9E41FA1A3866430095F65A /* Sources */,
				CE9E41FB1A3866430095F65A /* Frameworks */,
				CE9E41FC1A3866430095F65A /* CopyFiles */,
			);
			buildRules = (
			);
			dependencies = (
			);
			name = "ni-simple-sensor-read";
			productName = "ni-simple-sensor-read";
			productReference = CE85EB501A389DFA003F51B3 /* ni-simple-sensor-read-xcode */;
			productType = "com.apple.product-type.tool";
		};
		CE9E420E1A3867390095F65A /* nite-simple-user-read */ = {
			isa = PBXNativeTarget;
			buildConfigurationList = CE9E42131A3867390095F65A /* Build configuration list for PBXNativeTarget "nite-simple-user-read" */;
			buildPhases = (
				CE9E420B1A3867390095F65A /* Sources */,
				CE9E420C1A3867390095F65A /* Frameworks */,
				CE9E420D1A3867390095F65A /* CopyFiles */,
			);
			buildRules = (
			);
			dependencies = (
			);
			name = "nite-simple-user-read";
			productName = "nite-simple-user-read";
			productReference = CE85EB511A389DFA003F51B3 /* nite-simple-user-read-xcode */;
			productType = "com.apple.product-type.tool";
		};
		CE9E42211A3868460095F65A /* udp-socket-server */ = {
			isa = PBXNativeTarget;
			buildConfigurationList = CE9E42261A3868460095F65A /* Build configuration list for PBXNativeTarget "udp-socket-server" */;
			buildPhases = (
				CE9E421E1A3868460095F65A /* Sources */,
				CE9E421F1A3868460095F65A /* Frameworks */,
				CE9E42201A3868460095F65A /* CopyFiles */,
			);
			buildRules = (
			);
			dependencies = (
			);
			name = "udp-socket-server";
			productName = "udp-socket-server";
			productReference = CE85EB4F1A389DFA003F51B3 /* udp-socket-server-xcode */;
			productType = "com.apple.product-type.tool";
		};
		CEAA7CAC1A724F6E00C7EF67 /* nite-hand-tracker */ = {
			isa = PBXNativeTarget;
			buildConfigurationList = CEAA7CB31A724F6E00C7EF67 /* Build configuration list for PBXNativeTarget "nite-hand-tracker" */;
			buildPhases = (
				CEAA7CA91A724F6E00C7EF67 /* Sources */,
				CEAA7CAA1A724F6E00C7EF67 /* Frameworks */,
				CEAA7CAB1A724F6E00C7EF67 /* CopyFiles */,
			);
			buildRules = (
			);
			dependencies = (
			);
			name = "nite-hand-tracker";
			productName = "nite-hand-tracker";
			productReference = CEAA7CAD1A724F6E00C7EF67 /* nite-hand-tracker-xcode */;
			productType = "com.apple.product-type.tool";
		};
		CEE283AD1A48C2E300131564 /* human-robot-interaction */ = {
			isa = PBXNativeTarget;
			buildConfigurationList = CEE283B41A48C2E300131564 /* Build configuration list for PBXNativeTarget "human-robot-interaction" */;
			buildPhases = (
				CEE283AA1A48C2E300131564 /* Sources */,
				CEE283AB1A48C2E300131564 /* Frameworks */,
				CEE283AC1A48C2E300131564 /* CopyFiles */,
			);
			buildRules = (
			);
			dependencies = (
			);
			name = "human-robot-interaction";
			productName = "human-robot-interaction";
			productReference = CEE283AE1A48C2E300131564 /* human-robot-interaction-xcode */;
			productType = "com.apple.product-type.tool";
		};
/* End PBXNativeTarget section */

/* Begin PBXProject section */
		CE2773321A3849AB00D8F52B /* Project object */ = {
			isa = PBXProject;
			attributes = {
				LastUpgradeCheck = 0610;
				ORGANIZATIONNAME = "Aravinth Panchadcharam";
				TargetAttributes = {
					CE2A14181A713D7F002F6C8F = {
						CreatedOnToolsVersion = 6.1.1;
					};
					CE70B2901A5447E80072BB83 = {
						CreatedOnToolsVersion = 6.1.1;
					};
					CE737AE31A407A0E00593328 = {
						CreatedOnToolsVersion = 6.1.1;
					};
					CE9E41C31A3858BF0095F65A = {
						CreatedOnToolsVersion = 6.1.1;
					};
					CE9E41ED1A3863AD0095F65A = {
						CreatedOnToolsVersion = 6.1.1;
					};
					CE9E41FD1A3866430095F65A = {
						CreatedOnToolsVersion = 6.1.1;
					};
					CE9E420E1A3867390095F65A = {
						CreatedOnToolsVersion = 6.1.1;
					};
					CE9E42211A3868460095F65A = {
						CreatedOnToolsVersion = 6.1.1;
					};
					CEAA7CAC1A724F6E00C7EF67 = {
						CreatedOnToolsVersion = 6.1.1;
					};
					CEE283AD1A48C2E300131564 = {
						CreatedOnToolsVersion = 6.1.1;
					};
				};
			};
			buildConfigurationList = CE2773351A3849AB00D8F52B /* Build configuration list for PBXProject "human-robot-interaction" */;
			compatibilityVersion = "Xcode 3.2";
			developmentRegion = English;
			hasScannedForEncodings = 0;
			knownRegions = (
				en,
			);
			mainGroup = CE2773311A3849AB00D8F52B;
			productRefGroup = CE2773311A3849AB00D8F52B;
			projectDirPath = "";
			projectRoot = "";
			targets = (
				CE9E41ED1A3863AD0095F65A /* udp-socket-client */,
				CE9E42211A3868460095F65A /* udp-socket-server */,
				CE9E41FD1A3866430095F65A /* ni-simple-sensor-read */,
				CE9E420E1A3867390095F65A /* nite-simple-user-read */,
				CE9E41C31A3858BF0095F65A /* nite-gesture-wave */,
				CE737AE31A407A0E00593328 /* udp-server-async */,
				CE70B2901A5447E80072BB83 /* nite-user-glut-viewer */,
				CE2A14181A713D7F002F6C8F /* nite-simple-skeleton */,
				CEAA7CAC1A724F6E00C7EF67 /* nite-hand-tracker */,
				CEE283AD1A48C2E300131564 /* human-robot-interaction */,
			);
		};
/* End PBXProject section */

/* Begin PBXSourcesBuildPhase section */
		CE2A14151A713D7F002F6C8F /* Sources */ = {
			isa = PBXSourcesBuildPhase;
			buildActionMask = 2147483647;
			files = (
				CE2A14251A713E3E002F6C8F /* main.cpp in Sources */,
			);
			runOnlyForDeploymentPostprocessing = 0;
		};
		CE70B28D1A5447E80072BB83 /* Sources */ = {
			isa = PBXSourcesBuildPhase;
			buildActionMask = 2147483647;
			files = (
				CE70B29C1A54484B0072BB83 /* main.cpp in Sources */,
				CE70B29D1A54484B0072BB83 /* Viewer.cpp in Sources */,
			);
			runOnlyForDeploymentPostprocessing = 0;
		};
		CE737AE01A407A0E00593328 /* Sources */ = {
			isa = PBXSourcesBuildPhase;
			buildActionMask = 2147483647;
			files = (
				CE2C413B1A488EFE008E743E /* udp_server.cpp in Sources */,
				CEF851EF1A80D03A00C3BCBA /* main.cpp in Sources */,
			);
			runOnlyForDeploymentPostprocessing = 0;
		};
		CE9E41C01A3858BF0095F65A /* Sources */ = {
			isa = PBXSourcesBuildPhase;
			buildActionMask = 2147483647;
			files = (
				CE9E42341A386FF10095F65A /* main.cpp in Sources */,
			);
			runOnlyForDeploymentPostprocessing = 0;
		};
		CE9E41EA1A3863AD0095F65A /* Sources */ = {
			isa = PBXSourcesBuildPhase;
			buildActionMask = 2147483647;
			files = (
				CE9E41F61A3864070095F65A /* main.cpp in Sources */,
			);
			runOnlyForDeploymentPostprocessing = 0;
		};
		CE9E41FA1A3866430095F65A /* Sources */ = {
			isa = PBXSourcesBuildPhase;
			buildActionMask = 2147483647;
			files = (
				CE9E42061A3866610095F65A /* main.cpp in Sources */,
			);
			runOnlyForDeploymentPostprocessing = 0;
		};
		CE9E420B1A3867390095F65A /* Sources */ = {
			isa = PBXSourcesBuildPhase;
			buildActionMask = 2147483647;
			files = (
				CE9E42171A3867560095F65A /* main.cpp in Sources */,
			);
			runOnlyForDeploymentPostprocessing = 0;
		};
		CE9E421E1A3868460095F65A /* Sources */ = {
			isa = PBXSourcesBuildPhase;
			buildActionMask = 2147483647;
			files = (
				CE9E422C1A3868700095F65A /* main.cpp in Sources */,
			);
			runOnlyForDeploymentPostprocessing = 0;
		};
		CEAA7CA91A724F6E00C7EF67 /* Sources */ = {
			isa = PBXSourcesBuildPhase;
			buildActionMask = 2147483647;
			files = (
				CEAA7CBA1A72528900C7EF67 /* main.cpp in Sources */,
			);
			runOnlyForDeploymentPostprocessing = 0;
		};
		CEE283AA1A48C2E300131564 /* Sources */ = {
			isa = PBXSourcesBuildPhase;
			buildActionMask = 2147483647;
			files = (
				CE4AC8E71A51752B001B33CF /* skeleton_tracker.cpp in Sources */,
				CEE283B81A48C35A00131564 /* main.cpp in Sources */,
				CEE283D71A48D1FF00131564 /* udp_server.cpp in Sources */,
				CE4AC8E41A506EF6001B33CF /* udp_client.cpp in Sources */,
				CE4AC8DF1A5032EE001B33CF /* gesture_tracker.cpp in Sources */,
			);
			runOnlyForDeploymentPostprocessing = 0;
		};
/* End PBXSourcesBuildPhase section */

/* Begin XCBuildConfiguration section */
		CE27733F1A3849AB00D8F52B /* Debug */ = {
			isa = XCBuildConfiguration;
			buildSettings = {
				ALWAYS_SEARCH_USER_PATHS = NO;
				CLANG_CXX_LANGUAGE_STANDARD = "gnu++0x";
				CLANG_CXX_LIBRARY = "libc++";
				CLANG_ENABLE_MODULES = YES;
				CLANG_ENABLE_OBJC_ARC = YES;
				CLANG_WARN_BOOL_CONVERSION = YES;
				CLANG_WARN_CONSTANT_CONVERSION = YES;
				CLANG_WARN_DIRECT_OBJC_ISA_USAGE = YES_ERROR;
				CLANG_WARN_EMPTY_BODY = YES;
				CLANG_WARN_ENUM_CONVERSION = YES;
				CLANG_WARN_INT_CONVERSION = YES;
				CLANG_WARN_OBJC_ROOT_CLASS = YES_ERROR;
				CLANG_WARN_UNREACHABLE_CODE = YES;
				CLANG_WARN__DUPLICATE_METHOD_MATCH = YES;
				CONFIGURATION_BUILD_DIR = "$(HRI_BIN)";
				COPY_PHASE_STRIP = NO;
				ENABLE_STRICT_OBJC_MSGSEND = YES;
				GCC_C_LANGUAGE_STANDARD = gnu99;
				GCC_DYNAMIC_NO_PIC = NO;
				GCC_OPTIMIZATION_LEVEL = 0;
				GCC_PREPROCESSOR_DEFINITIONS = (
					"DEBUG=1",
					"$(inherited)",
				);
				GCC_SYMBOLS_PRIVATE_EXTERN = NO;
				GCC_WARN_64_TO_32_BIT_CONVERSION = YES;
				GCC_WARN_ABOUT_RETURN_TYPE = YES_ERROR;
				GCC_WARN_UNDECLARED_SELECTOR = YES;
				GCC_WARN_UNINITIALIZED_AUTOS = YES_AGGRESSIVE;
				GCC_WARN_UNUSED_FUNCTION = YES;
				GCC_WARN_UNUSED_VARIABLE = YES;
				HEADER_SEARCH_PATHS = (
					"$(inherited)",
					/Applications/Xcode.app/Contents/Developer/Toolchains/XcodeDefault.xctoolchain/usr/include,
					"$(HRI_NI_INCLUDE)/**",
					"$(HRI_BOOST_INCLUDE)",
				);
				HRI_BIN = "$(PROJECT_DIR)/bin";
				HRI_BOOST_INCLUDE = /usr/local/Cellar/boost/1.56.0/include;
				HRI_BOOST_LIB = /usr/local/Cellar/boost/1.56.0/lib;
				HRI_BUILD = "$(PROJECT_DIR)/build";
				HRI_NI_INCLUDE = "$(PROJECT_DIR)/include";
				HRI_NI_LIB = "$(PROJECT_DIR)/lib";
				HRI_PRODUCT_NAME = "$(TARGET_NAME)-xcode";
				LIBRARY_SEARCH_PATHS = (
					"$(HRI_NI_LIB)/**",
					"$(HRI_BOOST_LIB)",
				);
				MACOSX_DEPLOYMENT_TARGET = 10.10;
				MTL_ENABLE_DEBUG_INFO = YES;
				ONLY_ACTIVE_ARCH = YES;
				PRODUCT_NAME = "$(HRI_PRODUCT_NAME)";
				SDKROOT = macosx;
				SYMROOT = "$(HRI_BUILD)";
			};
			name = Debug;
		};
		CE2773401A3849AB00D8F52B /* Release */ = {
			isa = XCBuildConfiguration;
			buildSettings = {
				ALWAYS_SEARCH_USER_PATHS = NO;
				CLANG_CXX_LANGUAGE_STANDARD = "gnu++0x";
				CLANG_CXX_LIBRARY = "libc++";
				CLANG_ENABLE_MODULES = YES;
				CLANG_ENABLE_OBJC_ARC = YES;
				CLANG_WARN_BOOL_CONVERSION = YES;
				CLANG_WARN_CONSTANT_CONVERSION = YES;
				CLANG_WARN_DIRECT_OBJC_ISA_USAGE = YES_ERROR;
				CLANG_WARN_EMPTY_BODY = YES;
				CLANG_WARN_ENUM_CONVERSION = YES;
				CLANG_WARN_INT_CONVERSION = YES;
				CLANG_WARN_OBJC_ROOT_CLASS = YES_ERROR;
				CLANG_WARN_UNREACHABLE_CODE = YES;
				CLANG_WARN__DUPLICATE_METHOD_MATCH = YES;
				CONFIGURATION_BUILD_DIR = "$(HRI_BIN)";
				COPY_PHASE_STRIP = YES;
				DEBUG_INFORMATION_FORMAT = "dwarf-with-dsym";
				ENABLE_NS_ASSERTIONS = NO;
				ENABLE_STRICT_OBJC_MSGSEND = YES;
				GCC_C_LANGUAGE_STANDARD = gnu99;
				GCC_WARN_64_TO_32_BIT_CONVERSION = YES;
				GCC_WARN_ABOUT_RETURN_TYPE = YES_ERROR;
				GCC_WARN_UNDECLARED_SELECTOR = YES;
				GCC_WARN_UNINITIALIZED_AUTOS = YES_AGGRESSIVE;
				GCC_WARN_UNUSED_FUNCTION = YES;
				GCC_WARN_UNUSED_VARIABLE = YES;
				HEADER_SEARCH_PATHS = (
					"$(inherited)",
					/Applications/Xcode.app/Contents/Developer/Toolchains/XcodeDefault.xctoolchain/usr/include,
					"$(HRI_NI_INCLUDE)/**",
					"$(HRI_BOOST_INCLUDE)",
				);
				HRI_BIN = "$(PROJECT_DIR)/bin";
				HRI_BOOST_INCLUDE = /usr/local/Cellar/boost/1.56.0/include;
				HRI_BOOST_LIB = /usr/local/Cellar/boost/1.56.0/lib;
				HRI_BUILD = "$(PROJECT_DIR)/build";
				HRI_NI_INCLUDE = "$(PROJECT_DIR)/include";
				HRI_NI_LIB = "$(PROJECT_DIR)/lib";
				HRI_PRODUCT_NAME = "$(TARGET_NAME)-xcode";
				LIBRARY_SEARCH_PATHS = (
					"$(HRI_NI_LIB)/**",
					"$(HRI_BOOST_LIB)",
				);
				MACOSX_DEPLOYMENT_TARGET = 10.10;
				MTL_ENABLE_DEBUG_INFO = NO;
				PRODUCT_NAME = "$(HRI_PRODUCT_NAME)";
				SDKROOT = macosx;
				SYMROOT = "$(HRI_BUILD)";
			};
			name = Release;
		};
		CE2A141D1A713D7F002F6C8F /* Debug */ = {
			isa = XCBuildConfiguration;
			buildSettings = {
				GCC_PREPROCESSOR_DEFINITIONS = (
					"DEBUG=1",
					"$(inherited)",
				);
				HEADER_SEARCH_PATHS = (
					"$(inherited)",
					/Applications/Xcode.app/Contents/Developer/Toolchains/XcodeDefault.xctoolchain/usr/include,
				);
				LIBRARY_SEARCH_PATHS = "$(inherited)";
				PRODUCT_NAME = "$(HRI_PRODUCT_NAME)";
			};
			name = Debug;
		};
		CE2A141E1A713D7F002F6C8F /* Release */ = {
			isa = XCBuildConfiguration;
			buildSettings = {
				HEADER_SEARCH_PATHS = (
					"$(inherited)",
					/Applications/Xcode.app/Contents/Developer/Toolchains/XcodeDefault.xctoolchain/usr/include,
				);
				LIBRARY_SEARCH_PATHS = "$(inherited)";
				PRODUCT_NAME = "$(HRI_PRODUCT_NAME)";
			};
			name = Release;
		};
		CE70B2951A5447E80072BB83 /* Debug */ = {
			isa = XCBuildConfiguration;
			buildSettings = {
				GCC_PREPROCESSOR_DEFINITIONS = (
					"DEBUG=1",
					"$(inherited)",
				);
				HEADER_SEARCH_PATHS = (
					"$(inherited)",
					/Applications/Xcode.app/Contents/Developer/Toolchains/XcodeDefault.xctoolchain/usr/include,
				);
				LIBRARY_SEARCH_PATHS = "$(inherited)";
				PRODUCT_NAME = "$(HRI_PRODUCT_NAME)";
			};
			name = Debug;
		};
		CE70B2961A5447E80072BB83 /* Release */ = {
			isa = XCBuildConfiguration;
			buildSettings = {
				HEADER_SEARCH_PATHS = (
					"$(inherited)",
					/Applications/Xcode.app/Contents/Developer/Toolchains/XcodeDefault.xctoolchain/usr/include,
				);
				LIBRARY_SEARCH_PATHS = "$(inherited)";
				PRODUCT_NAME = "$(HRI_PRODUCT_NAME)";
			};
			name = Release;
		};
		CE737AE81A407A0E00593328 /* Debug */ = {
			isa = XCBuildConfiguration;
			buildSettings = {
				GCC_PREPROCESSOR_DEFINITIONS = (
					"DEBUG=1",
					"$(inherited)",
				);
				HEADER_SEARCH_PATHS = (
					"$(inherited)",
					/Applications/Xcode.app/Contents/Developer/Toolchains/XcodeDefault.xctoolchain/usr/include,
				);
				LIBRARY_SEARCH_PATHS = "$(inherited)";
				PRODUCT_NAME = "$(HRI_PRODUCT_NAME)";
			};
			name = Debug;
		};
		CE737AE91A407A0E00593328 /* Release */ = {
			isa = XCBuildConfiguration;
			buildSettings = {
				HEADER_SEARCH_PATHS = (
					"$(inherited)",
					/Applications/Xcode.app/Contents/Developer/Toolchains/XcodeDefault.xctoolchain/usr/include,
				);
				LIBRARY_SEARCH_PATHS = "$(inherited)";
				PRODUCT_NAME = "$(HRI_PRODUCT_NAME)";
			};
			name = Release;
		};
		CE9E41C91A3858BF0095F65A /* Debug */ = {
			isa = XCBuildConfiguration;
			buildSettings = {
				CONFIGURATION_BUILD_DIR = "$(PROJECT_DIR)/bin";
				GCC_PREPROCESSOR_DEFINITIONS = (
					"DEBUG=1",
					"$(inherited)",
				);
				HEADER_SEARCH_PATHS = (
					"$(inherited)",
					/Applications/Xcode.app/Contents/Developer/Toolchains/XcodeDefault.xctoolchain/usr/include,
				);
				LIBRARY_SEARCH_PATHS = "$(inherited)";
				PRODUCT_NAME = "$(HRI_PRODUCT_NAME)";
				SYMROOT = "$(PROJECT_DIR)/build";
			};
			name = Debug;
		};
		CE9E41CA1A3858BF0095F65A /* Release */ = {
			isa = XCBuildConfiguration;
			buildSettings = {
				CONFIGURATION_BUILD_DIR = "$(PROJECT_DIR)/bin";
				HEADER_SEARCH_PATHS = (
					"$(inherited)",
					/Applications/Xcode.app/Contents/Developer/Toolchains/XcodeDefault.xctoolchain/usr/include,
				);
				LIBRARY_SEARCH_PATHS = "$(inherited)";
				PRODUCT_NAME = "$(HRI_PRODUCT_NAME)";
				SYMROOT = "$(PROJECT_DIR)/build";
			};
			name = Release;
		};
		CE9E41F31A3863AD0095F65A /* Debug */ = {
			isa = XCBuildConfiguration;
			buildSettings = {
				GCC_PREPROCESSOR_DEFINITIONS = (
					"DEBUG=1",
					"$(inherited)",
				);
				HEADER_SEARCH_PATHS = (
					"$(inherited)",
					/Applications/Xcode.app/Contents/Developer/Toolchains/XcodeDefault.xctoolchain/usr/include,
				);
				LIBRARY_SEARCH_PATHS = "$(inherited)";
				PRODUCT_NAME = "$(HRI_PRODUCT_NAME)";
			};
			name = Debug;
		};
		CE9E41F41A3863AD0095F65A /* Release */ = {
			isa = XCBuildConfiguration;
			buildSettings = {
				HEADER_SEARCH_PATHS = (
					"$(inherited)",
					/Applications/Xcode.app/Contents/Developer/Toolchains/XcodeDefault.xctoolchain/usr/include,
				);
				LIBRARY_SEARCH_PATHS = "$(inherited)";
				PRODUCT_NAME = "$(HRI_PRODUCT_NAME)";
			};
			name = Release;
		};
		CE9E42031A3866430095F65A /* Debug */ = {
			isa = XCBuildConfiguration;
			buildSettings = {
				GCC_PREPROCESSOR_DEFINITIONS = (
					"DEBUG=1",
					"$(inherited)",
				);
				HEADER_SEARCH_PATHS = (
					"$(inherited)",
					/Applications/Xcode.app/Contents/Developer/Toolchains/XcodeDefault.xctoolchain/usr/include,
				);
				LIBRARY_SEARCH_PATHS = "$(inherited)";
				PRODUCT_NAME = "$(HRI_PRODUCT_NAME)";
			};
			name = Debug;
		};
		CE9E42041A3866430095F65A /* Release */ = {
			isa = XCBuildConfiguration;
			buildSettings = {
				HEADER_SEARCH_PATHS = (
					"$(inherited)",
					/Applications/Xcode.app/Contents/Developer/Toolchains/XcodeDefault.xctoolchain/usr/include,
				);
				LIBRARY_SEARCH_PATHS = "$(inherited)";
				PRODUCT_NAME = "$(HRI_PRODUCT_NAME)";
			};
			name = Release;
		};
		CE9E42141A3867390095F65A /* Debug */ = {
			isa = XCBuildConfiguration;
			buildSettings = {
				GCC_PREPROCESSOR_DEFINITIONS = (
					"DEBUG=1",
					"$(inherited)",
				);
				HEADER_SEARCH_PATHS = (
					"$(inherited)",
					/Applications/Xcode.app/Contents/Developer/Toolchains/XcodeDefault.xctoolchain/usr/include,
				);
				LIBRARY_SEARCH_PATHS = "$(inherited)";
				PRODUCT_NAME = "$(HRI_PRODUCT_NAME)";
			};
			name = Debug;
		};
		CE9E42151A3867390095F65A /* Release */ = {
			isa = XCBuildConfiguration;
			buildSettings = {
				HEADER_SEARCH_PATHS = (
					"$(inherited)",
					/Applications/Xcode.app/Contents/Developer/Toolchains/XcodeDefault.xctoolchain/usr/include,
				);
				LIBRARY_SEARCH_PATHS = "$(inherited)";
				PRODUCT_NAME = "$(HRI_PRODUCT_NAME)";
			};
			name = Release;
		};
		CE9E42271A3868460095F65A /* Debug */ = {
			isa = XCBuildConfiguration;
			buildSettings = {
				GCC_PREPROCESSOR_DEFINITIONS = (
					"DEBUG=1",
					"$(inherited)",
				);
				HEADER_SEARCH_PATHS = (
					"$(inherited)",
					/Applications/Xcode.app/Contents/Developer/Toolchains/XcodeDefault.xctoolchain/usr/include,
				);
				LIBRARY_SEARCH_PATHS = "$(inherited)";
				PRODUCT_NAME = "$(HRI_PRODUCT_NAME)";
			};
			name = Debug;
		};
		CE9E42281A3868460095F65A /* Release */ = {
			isa = XCBuildConfiguration;
			buildSettings = {
				HEADER_SEARCH_PATHS = (
					"$(inherited)",
					/Applications/Xcode.app/Contents/Developer/Toolchains/XcodeDefault.xctoolchain/usr/include,
				);
				LIBRARY_SEARCH_PATHS = "$(inherited)";
				PRODUCT_NAME = "$(HRI_PRODUCT_NAME)";
			};
			name = Release;
		};
		CEAA7CB11A724F6E00C7EF67 /* Debug */ = {
			isa = XCBuildConfiguration;
			buildSettings = {
				GCC_PREPROCESSOR_DEFINITIONS = (
					"DEBUG=1",
					"$(inherited)",
				);
				HEADER_SEARCH_PATHS = (
					"$(inherited)",
					/Applications/Xcode.app/Contents/Developer/Toolchains/XcodeDefault.xctoolchain/usr/include,
				);
				LIBRARY_SEARCH_PATHS = "$(inherited)";
				PRODUCT_NAME = "$(HRI_PRODUCT_NAME)";
			};
			name = Debug;
		};
		CEAA7CB21A724F6E00C7EF67 /* Release */ = {
			isa = XCBuildConfiguration;
			buildSettings = {
				HEADER_SEARCH_PATHS = (
					"$(inherited)",
					/Applications/Xcode.app/Contents/Developer/Toolchains/XcodeDefault.xctoolchain/usr/include,
				);
				LIBRARY_SEARCH_PATHS = "$(inherited)";
				PRODUCT_NAME = "$(HRI_PRODUCT_NAME)";
			};
			name = Release;
		};
		CEE283B21A48C2E300131564 /* Debug */ = {
			isa = XCBuildConfiguration;
			buildSettings = {
				GCC_PREPROCESSOR_DEFINITIONS = "BOOST_LOG_DYN_LINK=1";
				HEADER_SEARCH_PATHS = (
					"$(inherited)",
					/Applications/Xcode.app/Contents/Developer/Toolchains/XcodeDefault.xctoolchain/usr/include,
				);
				LIBRARY_SEARCH_PATHS = (
					"$(inherited)",
					/usr/local/Cellar/boost/1.56.0/lib,
				);
				PRODUCT_NAME = "$(HRI_PRODUCT_NAME)";
			};
			name = Debug;
		};
		CEE283B31A48C2E300131564 /* Release */ = {
			isa = XCBuildConfiguration;
			buildSettings = {
				GCC_PREPROCESSOR_DEFINITIONS = "BOOST_LOG_DYN_LINK=1";
				HEADER_SEARCH_PATHS = (
					"$(inherited)",
					/Applications/Xcode.app/Contents/Developer/Toolchains/XcodeDefault.xctoolchain/usr/include,
				);
				LIBRARY_SEARCH_PATHS = (
					"$(inherited)",
					/usr/local/Cellar/boost/1.56.0/lib,
				);
				PRODUCT_NAME = "$(HRI_PRODUCT_NAME)";
			};
			name = Release;
		};
/* End XCBuildConfiguration section */

/* Begin XCConfigurationList section */
		CE2773351A3849AB00D8F52B /* Build configuration list for PBXProject "human-robot-interaction" */ = {
			isa = XCConfigurationList;
			buildConfigurations = (
				CE27733F1A3849AB00D8F52B /* Debug */,
				CE2773401A3849AB00D8F52B /* Release */,
			);
			defaultConfigurationIsVisible = 0;
			defaultConfigurationName = Release;
		};
		CE2A141F1A713D7F002F6C8F /* Build configuration list for PBXNativeTarget "nite-simple-skeleton" */ = {
			isa = XCConfigurationList;
			buildConfigurations = (
				CE2A141D1A713D7F002F6C8F /* Debug */,
				CE2A141E1A713D7F002F6C8F /* Release */,
			);
			defaultConfigurationIsVisible = 0;
			defaultConfigurationName = Release;
		};
		CE70B2971A5447E80072BB83 /* Build configuration list for PBXNativeTarget "nite-user-glut-viewer" */ = {
			isa = XCConfigurationList;
			buildConfigurations = (
				CE70B2951A5447E80072BB83 /* Debug */,
				CE70B2961A5447E80072BB83 /* Release */,
			);
			defaultConfigurationIsVisible = 0;
			defaultConfigurationName = Release;
		};
		CE737AEA1A407A0E00593328 /* Build configuration list for PBXNativeTarget "udp-server-async" */ = {
			isa = XCConfigurationList;
			buildConfigurations = (
				CE737AE81A407A0E00593328 /* Debug */,
				CE737AE91A407A0E00593328 /* Release */,
			);
			defaultConfigurationIsVisible = 0;
			defaultConfigurationName = Release;
		};
		CE9E41C81A3858BF0095F65A /* Build configuration list for PBXNativeTarget "nite-gesture-wave" */ = {
			isa = XCConfigurationList;
			buildConfigurations = (
				CE9E41C91A3858BF0095F65A /* Debug */,
				CE9E41CA1A3858BF0095F65A /* Release */,
			);
			defaultConfigurationIsVisible = 0;
			defaultConfigurationName = Release;
		};
		CE9E41F21A3863AD0095F65A /* Build configuration list for PBXNativeTarget "udp-socket-client" */ = {
			isa = XCConfigurationList;
			buildConfigurations = (
				CE9E41F31A3863AD0095F65A /* Debug */,
				CE9E41F41A3863AD0095F65A /* Release */,
			);
			defaultConfigurationIsVisible = 0;
			defaultConfigurationName = Release;
		};
		CE9E42021A3866430095F65A /* Build configuration list for PBXNativeTarget "ni-simple-sensor-read" */ = {
			isa = XCConfigurationList;
			buildConfigurations = (
				CE9E42031A3866430095F65A /* Debug */,
				CE9E42041A3866430095F65A /* Release */,
			);
			defaultConfigurationIsVisible = 0;
			defaultConfigurationName = Release;
		};
		CE9E42131A3867390095F65A /* Build configuration list for PBXNativeTarget "nite-simple-user-read" */ = {
			isa = XCConfigurationList;
			buildConfigurations = (
				CE9E42141A3867390095F65A /* Debug */,
				CE9E42151A3867390095F65A /* Release */,
			);
			defaultConfigurationIsVisible = 0;
			defaultConfigurationName = Release;
		};
		CE9E42261A3868460095F65A /* Build configuration list for PBXNativeTarget "udp-socket-server" */ = {
			isa = XCConfigurationList;
			buildConfigurations = (
				CE9E42271A3868460095F65A /* Debug */,
				CE9E42281A3868460095F65A /* Release */,
			);
			defaultConfigurationIsVisible = 0;
			defaultConfigurationName = Release;
		};
		CEAA7CB31A724F6E00C7EF67 /* Build configuration list for PBXNativeTarget "nite-hand-tracker" */ = {
			isa = XCConfigurationList;
			buildConfigurations = (
				CEAA7CB11A724F6E00C7EF67 /* Debug */,
				CEAA7CB21A724F6E00C7EF67 /* Release */,
			);
			defaultConfigurationIsVisible = 0;
			defaultConfigurationName = Release;
		};
		CEE283B41A48C2E300131564 /* Build configuration list for PBXNativeTarget "human-robot-interaction" */ = {
			isa = XCConfigurationList;
			buildConfigurations = (
				CEE283B21A48C2E300131564 /* Debug */,
				CEE283B31A48C2E300131564 /* Release */,
			);
			defaultConfigurationIsVisible = 0;
			defaultConfigurationName = Release;
		};
/* End XCConfigurationList section */
	};
	rootObject = CE2773321A3849AB00D8F52B /* Project object */;
}
