
Microsoft Visual Studio Solution File, Format Version 9.00
# Visual Studio 2005
Project("{FAE04EC0-301F-11D3-BF4B-00C04F79EFBC}") = "GesturesRecognition", "GesturesRecognition.csproj", "{B1E9E3A9-E6C1-4B21-AD34-5755C59A7D2C}"
EndProject
Project("{FAE04EC0-301F-11D3-BF4B-00C04F79EFBC}") = "AForge.GestureRecognition", "..\AForge.GestureRecognition\AForge.GestureRecognition.csproj", "{3F338D8E-7EAB-4039-860F-88F37EE96EF4}"
EndProject
Global
	GlobalSection(SolutionConfigurationPlatforms) = preSolution
		Debug|Any CPU = Debug|Any CPU
		Release|Any CPU = Release|Any CPU
	EndGlobalSection
	GlobalSection(ProjectConfigurationPlatforms) = postSolution
		{B1E9E3A9-E6C1-4B21-AD34-5755C59A7D2C}.Debug|Any CPU.ActiveCfg = Debug|Any CPU
		{B1E9E3A9-E6C1-4B21-AD34-5755C59A7D2C}.Debug|Any CPU.Build.0 = Debug|Any CPU
		{B1E9E3A9-E6C1-4B21-AD34-5755C59A7D2C}.Release|Any CPU.ActiveCfg = Release|Any CPU
		{B1E9E3A9-E6C1-4B21-AD34-5755C59A7D2C}.Release|Any CPU.Build.0 = Release|Any CPU
		{3F338D8E-7EAB-4039-860F-88F37EE96EF4}.Debug|Any CPU.ActiveCfg = Debug|Any CPU
		{3F338D8E-7EAB-4039-860F-88F37EE96EF4}.Debug|Any CPU.Build.0 = Debug|Any CPU
		{3F338D8E-7EAB-4039-860F-88F37EE96EF4}.Release|Any CPU.ActiveCfg = Release|Any CPU
		{3F338D8E-7EAB-4039-860F-88F37EE96EF4}.Release|Any CPU.Build.0 = Release|Any CPU
	EndGlobalSection
	GlobalSection(SolutionProperties) = preSolution
		HideSolutionNode = FALSE
	EndGlobalSection
EndGlobal
