// !$*UTF8*$!
{
	archiveVersion = 1;
	classes = {
	};
	objectVersion = 46;
	objects = {

/* Begin PBXBuildFile section */
		CEAE28C51A307253001115DF /* libboost_thread-mt.dylib in Frameworks */ = {isa = PBXBuildFile; fileRef = CEAE28C41A307253001115DF /* libboost_thread-mt.dylib */; };
		CEAE28D71A30ABDB001115DF /* main.cpp in Sources */ = {isa = PBXBuildFile; fileRef = CEAE28D51A30ABDB001115DF /* main.cpp */; };
		CEAE28D91A30AC91001115DF /* libOpenNI2.dylib in Frameworks */ = {isa = PBXBuildFile; fileRef = CEAE28D81A30AC91001115DF /* libOpenNI2.dylib */; };
		CEEEE2351A2F7EE700898A8A /* libboost_system.dylib in Frameworks */ = {isa = PBXBuildFile; fileRef = CEEEE2341A2F7EE700898A8A /* libboost_system.dylib */; };
/* End PBXBuildFile section */

/* Begin PBXCopyFilesBuildPhase section */
		CEEEE2181A2F7A5B00898A8A /* CopyFiles */ = {
			isa = PBXCopyFilesBuildPhase;
			buildActionMask = 2147483647;
			dstPath = /usr/share/man/man1/;
			dstSubfolderSpec = 0;
			files = (
			);
			runOnlyForDeploymentPostprocessing = 1;
		};
/* End PBXCopyFilesBuildPhase section */

/* Begin PBXFileReference section */
		CEAE28C11A30710C001115DF /* sock.cpp */ = {isa = PBXFileReference; fileEncoding = 4; lastKnownFileType = sourcecode.cpp.cpp; path = sock.cpp; sourceTree = "<group>"; };
		CEAE28C41A307253001115DF /* libboost_thread-mt.dylib */ = {isa = PBXFileReference; lastKnownFileType = "compiled.mach-o.dylib"; name = "libboost_thread-mt.dylib"; path = "../../../../../../../../../../../usr/local/Cellar/boost/1.56.0/lib/libboost_thread-mt.dylib"; sourceTree = "<group>"; };
		CEAE28CE1A3099A2001115DF /* main-x.cpp */ = {isa = PBXFileReference; fileEncoding = 4; lastKnownFileType = sourcecode.cpp.cpp; path = "main-x.cpp"; sourceTree = "<group>"; };
		CEAE28CF1A3099A2001115DF /* timer.cpp */ = {isa = PBXFileReference; fileEncoding = 4; lastKnownFileType = sourcecode.cpp.cpp; path = timer.cpp; sourceTree = "<group>"; };
		CEAE28D51A30ABDB001115DF /* main.cpp */ = {isa = PBXFileReference; fileEncoding = 4; lastKnownFileType = sourcecode.cpp.cpp; path = main.cpp; sourceTree = "<group>"; };
		CEAE28D81A30AC91001115DF /* libOpenNI2.dylib */ = {isa = PBXFileReference; lastKnownFileType = "compiled.mach-o.dylib"; name = libOpenNI2.dylib; path = ../../../../../../../../../../../Applications/OpenNI2/Redist/libOpenNI2.dylib; sourceTree = "<group>"; };
		CEEEE21A1A2F7A5B00898A8A /* server */ = {isa = PBXFileReference; explicitFileType = "compiled.mach-o.executable"; includeInIndex = 0; path = server; sourceTree = BUILT_PRODUCTS_DIR; };
		CEEEE2341A2F7EE700898A8A /* libboost_system.dylib */ = {isa = PBXFileReference; lastKnownFileType = "compiled.mach-o.dylib"; name = libboost_system.dylib; path = /usr/local/Cellar/boost/1.56.0/lib/libboost_system.dylib; sourceTree = "<absolute>"; };
/* End PBXFileReference section */

/* Begin PBXFrameworksBuildPhase section */
		CEEEE2171A2F7A5B00898A8A /* Frameworks */ = {
			isa = PBXFrameworksBuildPhase;
			buildActionMask = 2147483647;
			files = (
				CEEEE2351A2F7EE700898A8A /* libboost_system.dylib in Frameworks */,
				CEAE28D91A30AC91001115DF /* libOpenNI2.dylib in Frameworks */,
				CEAE28C51A307253001115DF /* libboost_thread-mt.dylib in Frameworks */,
			);
			runOnlyForDeploymentPostprocessing = 0;
		};
/* End PBXFrameworksBuildPhase section */

/* Begin PBXGroup section */
		CEAE28CD1A3099A2001115DF /* helpers */ = {
			isa = PBXGroup;
			children = (
				CEAE28CE1A3099A2001115DF /* main-x.cpp */,
				CEAE28CF1A3099A2001115DF /* timer.cpp */,
			);
			path = helpers;
			sourceTree = "<group>";
		};
		CEEEE2111A2F7A5B00898A8A = {
			isa = PBXGroup;
			children = (
				CEEEE2361A2F7F0400898A8A /* lib */,
				CEEEE21C1A2F7A5B00898A8A /* src */,
				CEEEE21B1A2F7A5B00898A8A /* bin */,
			);
			sourceTree = "<group>";
		};
		CEEEE21B1A2F7A5B00898A8A /* bin */ = {
			isa = PBXGroup;
			children = (
				CEEEE21A1A2F7A5B00898A8A /* server */,
			);
			name = bin;
			path = build/osx/Debug;
			sourceTree = SOURCE_ROOT;
		};
		CEEEE21C1A2F7A5B00898A8A /* src */ = {
			isa = PBXGroup;
			children = (
				CEAE28CD1A3099A2001115DF /* helpers */,
				CEAE28D51A30ABDB001115DF /* main.cpp */,
				CEAE28C11A30710C001115DF /* sock.cpp */,
			);
			path = src;
			sourceTree = SOURCE_ROOT;
		};
		CEEEE2361A2F7F0400898A8A /* lib */ = {
			isa = PBXGroup;
			children = (
				CEAE28D81A30AC91001115DF /* libOpenNI2.dylib */,
				CEAE28C41A307253001115DF /* libboost_thread-mt.dylib */,
				CEEEE2341A2F7EE700898A8A /* libboost_system.dylib */,
			);
			name = lib;
			path = build/osx/Debug;
			sourceTree = "<group>";
		};
/* End PBXGroup section */

/* Begin PBXNativeTarget section */
		CEEEE2191A2F7A5B00898A8A /* server */ = {
			isa = PBXNativeTarget;
			buildConfigurationList = CEEEE2211A2F7A5B00898A8A /* Build configuration list for PBXNativeTarget "server" */;
			buildPhases = (
				CEEEE2161A2F7A5B00898A8A /* Sources */,
				CEEEE2171A2F7A5B00898A8A /* Frameworks */,
				CEEEE2181A2F7A5B00898A8A /* CopyFiles */,
			);
			buildRules = (
			);
			dependencies = (
			);
			name = server;
			productName = sdfsdf;
			productReference = CEEEE21A1A2F7A5B00898A8A /* server */;
			productType = "com.apple.product-type.tool";
		};
/* End PBXNativeTarget section */

/* Begin PBXProject section */
		CEEEE2121A2F7A5B00898A8A /* Project object */ = {
			isa = PBXProject;
			attributes = {
				LastUpgradeCheck = 0610;
				ORGANIZATIONNAME = "Aravinth Panchadcharam";
				TargetAttributes = {
					CEEEE2191A2F7A5B00898A8A = {
						CreatedOnToolsVersion = 6.1;
					};
				};
			};
			buildConfigurationList = CEEEE2151A2F7A5B00898A8A /* Build configuration list for PBXProject "server" */;
			compatibilityVersion = "Xcode 3.2";
			developmentRegion = English;
			hasScannedForEncodings = 0;
			knownRegions = (
				en,
			);
			mainGroup = CEEEE2111A2F7A5B00898A8A;
			productRefGroup = CEEEE21B1A2F7A5B00898A8A /* bin */;
			projectDirPath = "";
			projectRoot = "";
			targets = (
				CEEEE2191A2F7A5B00898A8A /* server */,
			);
		};
/* End PBXProject section */

/* Begin PBXSourcesBuildPhase section */
		CEEEE2161A2F7A5B00898A8A /* Sources */ = {
			isa = PBXSourcesBuildPhase;
			buildActionMask = 2147483647;
			files = (
				CEAE28D71A30ABDB001115DF /* main.cpp in Sources */,
			);
			runOnlyForDeploymentPostprocessing = 0;
		};
/* End PBXSourcesBuildPhase section */

/* Begin XCBuildConfiguration section */
		CEEEE21F1A2F7A5B00898A8A /* Debug */ = {
			isa = XCBuildConfiguration;
			buildSettings = {
				ALWAYS_SEARCH_USER_PATHS = NO;
				CLANG_CXX_LANGUAGE_STANDARD = "gnu++0x";
				CLANG_CXX_LIBRARY = "libc++";
				CLANG_ENABLE_MODULES = YES;
				CLANG_ENABLE_OBJC_ARC = YES;
				CLANG_WARN_BOOL_CONVERSION = YES;
				CLANG_WARN_CONSTANT_CONVERSION = YES;
				CLANG_WARN_DIRECT_OBJC_ISA_USAGE = YES_ERROR;
				CLANG_WARN_EMPTY_BODY = YES;
				CLANG_WARN_ENUM_CONVERSION = YES;
				CLANG_WARN_INT_CONVERSION = YES;
				CLANG_WARN_OBJC_ROOT_CLASS = YES_ERROR;
				CLANG_WARN_UNREACHABLE_CODE = YES;
				CLANG_WARN__DUPLICATE_METHOD_MATCH = YES;
				COPY_PHASE_STRIP = NO;
				ENABLE_STRICT_OBJC_MSGSEND = YES;
				GCC_C_LANGUAGE_STANDARD = gnu99;
				GCC_DYNAMIC_NO_PIC = NO;
				GCC_OPTIMIZATION_LEVEL = 0;
				GCC_PREPROCESSOR_DEFINITIONS = (
					"DEBUG=1",
					"$(inherited)",
				);
				GCC_SYMBOLS_PRIVATE_EXTERN = NO;
				GCC_WARN_64_TO_32_BIT_CONVERSION = YES;
				GCC_WARN_ABOUT_RETURN_TYPE = YES_ERROR;
				GCC_WARN_UNDECLARED_SELECTOR = YES;
				GCC_WARN_UNINITIALIZED_AUTOS = YES_AGGRESSIVE;
				GCC_WARN_UNUSED_FUNCTION = YES;
				GCC_WARN_UNUSED_VARIABLE = YES;
				MACOSX_DEPLOYMENT_TARGET = 10.10;
				MTL_ENABLE_DEBUG_INFO = YES;
				ONLY_ACTIVE_ARCH = YES;
				SDKROOT = macosx;
			};
			name = Debug;
		};
		CEEEE2201A2F7A5B00898A8A /* Release */ = {
			isa = XCBuildConfiguration;
			buildSettings = {
				ALWAYS_SEARCH_USER_PATHS = NO;
				CLANG_CXX_LANGUAGE_STANDARD = "gnu++0x";
				CLANG_CXX_LIBRARY = "libc++";
				CLANG_ENABLE_MODULES = YES;
				CLANG_ENABLE_OBJC_ARC = YES;
				CLANG_WARN_BOOL_CONVERSION = YES;
				CLANG_WARN_CONSTANT_CONVERSION = YES;
				CLANG_WARN_DIRECT_OBJC_ISA_USAGE = YES_ERROR;
				CLANG_WARN_EMPTY_BODY = YES;
				CLANG_WARN_ENUM_CONVERSION = YES;
				CLANG_WARN_INT_CONVERSION = YES;
				CLANG_WARN_OBJC_ROOT_CLASS = YES_ERROR;
				CLANG_WARN_UNREACHABLE_CODE = YES;
				CLANG_WARN__DUPLICATE_METHOD_MATCH = YES;
				COPY_PHASE_STRIP = YES;
				DEBUG_INFORMATION_FORMAT = "dwarf-with-dsym";
				ENABLE_NS_ASSERTIONS = NO;
				ENABLE_STRICT_OBJC_MSGSEND = YES;
				GCC_C_LANGUAGE_STANDARD = gnu99;
				GCC_WARN_64_TO_32_BIT_CONVERSION = YES;
				GCC_WARN_ABOUT_RETURN_TYPE = YES_ERROR;
				GCC_WARN_UNDECLARED_SELECTOR = YES;
				GCC_WARN_UNINITIALIZED_AUTOS = YES_AGGRESSIVE;
				GCC_WARN_UNUSED_FUNCTION = YES;
				GCC_WARN_UNUSED_VARIABLE = YES;
				MACOSX_DEPLOYMENT_TARGET = 10.10;
				MTL_ENABLE_DEBUG_INFO = NO;
				SDKROOT = macosx;
			};
			name = Release;
		};
		CEEEE2221A2F7A5B00898A8A /* Debug */ = {
			isa = XCBuildConfiguration;
			buildSettings = {
				HEADER_SEARCH_PATHS = (
					"$(inherited)",
					/Applications/Xcode.app/Contents/Developer/Toolchains/XcodeDefault.xctoolchain/usr/include,
					/usr/local/Cellar/boost/1.56.0/include,
					/Applications/OpenNI2/Include,
				);
				LIBRARY_SEARCH_PATHS = (
					"$(inherited)",
					/usr/local/Cellar/boost/1.56.0/lib,
					"$(SYSTEM_APPS_DIR)/OpenNI2/Redist",
				);
				PRODUCT_NAME = server;
				SYMROOT = build/osx;
			};
			name = Debug;
		};
		CEEEE2231A2F7A5B00898A8A /* Release */ = {
			isa = XCBuildConfiguration;
			buildSettings = {
				HEADER_SEARCH_PATHS = (
					"$(inherited)",
					/Applications/Xcode.app/Contents/Developer/Toolchains/XcodeDefault.xctoolchain/usr/include,
					/usr/local/Cellar/boost/1.56.0/include,
					/Applications/OpenNI2/Include,
				);
				LIBRARY_SEARCH_PATHS = (
					"$(inherited)",
					/usr/local/Cellar/boost/1.56.0/lib,
					"$(SYSTEM_APPS_DIR)/OpenNI2/Redist",
				);
				PRODUCT_NAME = server;
				SYMROOT = build/osx;
			};
			name = Release;
		};
/* End XCBuildConfiguration section */

/* Begin XCConfigurationList section */
		CEEEE2151A2F7A5B00898A8A /* Build configuration list for PBXProject "server" */ = {
			isa = XCConfigurationList;
			buildConfigurations = (
				CEEEE21F1A2F7A5B00898A8A /* Debug */,
				CEEEE2201A2F7A5B00898A8A /* Release */,
			);
			defaultConfigurationIsVisible = 0;
			defaultConfigurationName = Release;
		};
		CEEEE2211A2F7A5B00898A8A /* Build configuration list for PBXNativeTarget "server" */ = {
			isa = XCConfigurationList;
			buildConfigurations = (
				CEEEE2221A2F7A5B00898A8A /* Debug */,
				CEEEE2231A2F7A5B00898A8A /* Release */,
			);
			defaultConfigurationIsVisible = 0;
			defaultConfigurationName = Release;
		};
/* End XCConfigurationList section */
	};
	rootObject = CEEEE2121A2F7A5B00898A8A /* Project object */;
}
